Microsoft Visual Studio Solution File, Format Version 12.00
# Visual Studio Version 17
VisualStudioVersion = 17.5.2.0
MinimumVisualStudioVersion = 10.0.40219.1
Project("{2150E333-8FDC-42A3-9474-1A3956D46DE8}") = "app", "app", "{F95F473B-E98A-ACD6-1986-755F447BE36F}"
EndProject
Project("{FAE04EC0-301F-11D3-BF4B-00C04F79EFBC}") = "kleva-app", "app\kleva-app.csproj", "{A3B9F58D-C167-EBF4-DE42-A1A5619AEF1E}"
EndProject
Global
	GlobalSection(SolutionConfigurationPlatforms) = preSolution
		Debug|Any CPU = Debug|Any CPU
		Release|Any CPU = Release|Any CPU
	EndGlobalSection
	GlobalSection(ProjectConfigurationPlatforms) = postSolution
		{A3B9F58D-C167-EBF4-DE42-A1A5619AEF1E}.Debug|Any CPU.ActiveCfg = Debug|Any CPU
		{A3B9F58D-C167-EBF4-DE42-A1A5619AEF1E}.Debug|Any CPU.Build.0 = Debug|Any CPU
		{A3B9F58D-C167-EBF4-DE42-A1A5619AEF1E}.Release|Any CPU.ActiveCfg = Release|Any CPU
		{A3B9F58D-C167-EBF4-DE42-A1A5619AEF1E}.Release|Any CPU.Build.0 = Release|Any CPU
	EndGlobalSection
	GlobalSection(SolutionProperties) = preSolution
		HideSolutionNode = FALSE
	EndGlobalSection
	GlobalSection(NestedProjects) = preSolution
		{A3B9F58D-C167-EBF4-DE42-A1A5619AEF1E} = {F95F473B-E98A-ACD6-1986-755F447BE36F}
	EndGlobalSection
	GlobalSection(ExtensibilityGlobals) = postSolution
		SolutionGuid = {964D2948-942C-4E3D-B7B1-8D7A1F709C17}
	EndGlobalSection
EndGlobal
